
Microsoft Visual Studio Solution File, Format Version 12.00
# Visual Studio Version 16
VisualStudioVersion = 16.0.30711.63
MinimumVisualStudioVersion = 10.0.40219.1
Project("{FAE04EC0-301F-11D3-BF4B-00C04F79EFBC}") = "Test1 Question 3", "Test1 Question 3\Test1 Question 3.csproj", "{EA4D4835-6A8A-413F-97D6-05636AD486EC}"
EndProject
Global
	GlobalSection(SolutionConfigurationPlatforms) = preSolution
		Debug|Any CPU = Debug|Any CPU
		Release|Any CPU = Release|Any CPU
	EndGlobalSection
	GlobalSection(ProjectConfigurationPlatforms) = postSolution
		{EA4D4835-6A8A-413F-97D6-05636AD486EC}.Debug|Any CPU.ActiveCfg = Debug|Any CPU
		{EA4D4835-6A8A-413F-97D6-05636AD486EC}.Debug|Any CPU.Build.0 = Debug|Any CPU
		{EA4D4835-6A8A-413F-97D6-05636AD486EC}.Release|Any CPU.ActiveCfg = Release|Any CPU
		{EA4D4835-6A8A-413F-97D6-05636AD486EC}.Release|Any CPU.Build.0 = Release|Any CPU
	EndGlobalSection
	GlobalSection(SolutionProperties) = preSolution
		HideSolutionNode = FALSE
	EndGlobalSection
	GlobalSection(ExtensibilityGlobals) = postSolution
		SolutionGuid = {93837766-DE42-4606-BE26-1F71097F6778}
	EndGlobalSection
EndGlobal
